
Microsoft Visual Studio Solution File, Format Version 12.00
# Visual Studio Version 17
VisualStudioVersion = 17.6.33829.357
MinimumVisualStudioVersion = 10.0.40219.1
Project("{8BC9CEB8-8B4A-11D0-8D11-00A0C91BC942}") = "Vault", "Vault\Vault.vcxproj", "{15A42FCF-DD07-4E28-A052-FE845407CB7B}"
EndProject
Global
	GlobalSection(SolutionConfigurationPlatforms) = preSolution
		Debug|x64 = Debug|x64
		Debug|x86 = Debug|x86
		Release|x64 = Release|x64
		Release|x86 = Release|x86
	EndGlobalSection
	GlobalSection(ProjectConfigurationPlatforms) = postSolution
		{15A42FCF-DD07-4E28-A052-FE845407CB7B}.Debug|x64.ActiveCfg = Debug|x64
		{15A42FCF-DD07-4E28-A052-FE845407CB7B}.Debug|x64.Build.0 = Debug|x64
		{15A42FCF-DD07-4E28-A052-FE845407CB7B}.Debug|x86.ActiveCfg = Debug|Win32
		{15A42FCF-DD07-4E28-A052-FE845407CB7B}.Debug|x86.Build.0 = Debug|Win32
		{15A42FCF-DD07-4E28-A052-FE845407CB7B}.Release|x64.ActiveCfg = Release|x64
		{15A42FCF-DD07-4E28-A052-FE845407CB7B}.Release|x64.Build.0 = Release|x64
		{15A42FCF-DD07-4E28-A052-FE845407CB7B}.Release|x86.ActiveCfg = Release|Win32
		{15A42FCF-DD07-4E28-A052-FE845407CB7B}.Release|x86.Build.0 = Release|Win32
	EndGlobalSection
	GlobalSection(SolutionProperties) = preSolution
		HideSolutionNode = FALSE
	EndGlobalSection
	GlobalSection(ExtensibilityGlobals) = postSolution
		SolutionGuid = {7C3C1804-D8DC-45F5-9F20-67495A4235DA}
	EndGlobalSection
EndGlobal
